
Microsoft Visual Studio Solution File, Format Version 12.00
# Visual Studio 15
VisualStudioVersion = 15.0.27703.2000
MinimumVisualStudioVersion = 10.0.40219.1
Project("{FAE04EC0-301F-11D3-BF4B-00C04F79EFBC}") = "FinancialAnalysis.UI", "FinancialAnalysis\FinancialAnalysis.UI.csproj", "{4F9C8FF5-7ADD-4828-AAEE-D950B6E41FBE}"
EndProject
Project("{FAE04EC0-301F-11D3-BF4B-00C04F79EFBC}") = "FinancialAnalysis.Logic", "FinancialAnalysis.Logic\FinancialAnalysis.Logic.csproj", "{95C8F63A-3FF7-4B38-B9A8-85ED290F743B}"
EndProject
Project("{FAE04EC0-301F-11D3-BF4B-00C04F79EFBC}") = "FinancialAnalysis.Models", "FinancialAnalysis.Models\FinancialAnalysis.Models.csproj", "{3BCF7383-9805-4BD4-A8CD-FD978E348E15}"
EndProject
Project("{FAE04EC0-301F-11D3-BF4B-00C04F79EFBC}") = "Utilities", "Utilities\Utilities.csproj", "{69F19F6B-092B-4EE7-AD82-3944F3694952}"
EndProject
Project("{FAE04EC0-301F-11D3-BF4B-00C04F79EFBC}") = "Formulas", "Formulas\Formulas.csproj", "{E510CA7E-F91C-43C4-BDF7-8E9EFBA4F9E5}"
EndProject
Project("{FAE04EC0-301F-11D3-BF4B-00C04F79EFBC}") = "WebApiWrapper", "WebApiWrapper\WebApiWrapper.csproj", "{1263E5D1-6B44-4418-A076-3D889766D5E4}"
EndProject
Project("{54435603-DBB4-11D2-8724-00A0C9A8B90C}") = "Setup", "Setup\Setup.vdproj", "{9218939B-4D32-4EAD-AF83-281C2AFEDC36}"
EndProject
Global
	GlobalSection(SolutionConfigurationPlatforms) = preSolution
		Debug|Any CPU = Debug|Any CPU
		Debug|x64 = Debug|x64
		Release|Any CPU = Release|Any CPU
		Release|x64 = Release|x64
	EndGlobalSection
	GlobalSection(ProjectConfigurationPlatforms) = postSolution
		{4F9C8FF5-7ADD-4828-AAEE-D950B6E41FBE}.Debug|Any CPU.ActiveCfg = Debug|Any CPU
		{4F9C8FF5-7ADD-4828-AAEE-D950B6E41FBE}.Debug|Any CPU.Build.0 = Debug|Any CPU
		{4F9C8FF5-7ADD-4828-AAEE-D950B6E41FBE}.Debug|x64.ActiveCfg = Debug|Any CPU
		{4F9C8FF5-7ADD-4828-AAEE-D950B6E41FBE}.Debug|x64.Build.0 = Debug|Any CPU
		{4F9C8FF5-7ADD-4828-AAEE-D950B6E41FBE}.Release|Any CPU.ActiveCfg = Release|Any CPU
		{4F9C8FF5-7ADD-4828-AAEE-D950B6E41FBE}.Release|Any CPU.Build.0 = Release|Any CPU
		{4F9C8FF5-7ADD-4828-AAEE-D950B6E41FBE}.Release|x64.ActiveCfg = Release|Any CPU
		{4F9C8FF5-7ADD-4828-AAEE-D950B6E41FBE}.Release|x64.Build.0 = Release|Any CPU
		{95C8F63A-3FF7-4B38-B9A8-85ED290F743B}.Debug|Any CPU.ActiveCfg = Debug|Any CPU
		{95C8F63A-3FF7-4B38-B9A8-85ED290F743B}.Debug|Any CPU.Build.0 = Debug|Any CPU
		{95C8F63A-3FF7-4B38-B9A8-85ED290F743B}.Debug|x64.ActiveCfg = Debug|x64
		{95C8F63A-3FF7-4B38-B9A8-85ED290F743B}.Debug|x64.Build.0 = Debug|x64
		{95C8F63A-3FF7-4B38-B9A8-85ED290F743B}.Release|Any CPU.ActiveCfg = Release|Any CPU
		{95C8F63A-3FF7-4B38-B9A8-85ED290F743B}.Release|Any CPU.Build.0 = Release|Any CPU
		{95C8F63A-3FF7-4B38-B9A8-85ED290F743B}.Release|x64.ActiveCfg = Release|x64
		{95C8F63A-3FF7-4B38-B9A8-85ED290F743B}.Release|x64.Build.0 = Release|x64
		{3BCF7383-9805-4BD4-A8CD-FD978E348E15}.Debug|Any CPU.ActiveCfg = Debug|Any CPU
		{3BCF7383-9805-4BD4-A8CD-FD978E348E15}.Debug|Any CPU.Build.0 = Debug|Any CPU
		{3BCF7383-9805-4BD4-A8CD-FD978E348E15}.Debug|x64.ActiveCfg = Debug|Any CPU
		{3BCF7383-9805-4BD4-A8CD-FD978E348E15}.Debug|x64.Build.0 = Debug|Any CPU
		{3BCF7383-9805-4BD4-A8CD-FD978E348E15}.Release|Any CPU.ActiveCfg = Release|Any CPU
		{3BCF7383-9805-4BD4-A8CD-FD978E348E15}.Release|Any CPU.Build.0 = Release|Any CPU
		{3BCF7383-9805-4BD4-A8CD-FD978E348E15}.Release|x64.ActiveCfg = Release|Any CPU
		{3BCF7383-9805-4BD4-A8CD-FD978E348E15}.Release|x64.Build.0 = Release|Any CPU
		{69F19F6B-092B-4EE7-AD82-3944F3694952}.Debug|Any CPU.ActiveCfg = Debug|Any CPU
		{69F19F6B-092B-4EE7-AD82-3944F3694952}.Debug|Any CPU.Build.0 = Debug|Any CPU
		{69F19F6B-092B-4EE7-AD82-3944F3694952}.Debug|x64.ActiveCfg = Debug|Any CPU
		{69F19F6B-092B-4EE7-AD82-3944F3694952}.Debug|x64.Build.0 = Debug|Any CPU
		{69F19F6B-092B-4EE7-AD82-3944F3694952}.Release|Any CPU.ActiveCfg = Release|Any CPU
		{69F19F6B-092B-4EE7-AD82-3944F3694952}.Release|Any CPU.Build.0 = Release|Any CPU
		{69F19F6B-092B-4EE7-AD82-3944F3694952}.Release|x64.ActiveCfg = Release|Any CPU
		{69F19F6B-092B-4EE7-AD82-3944F3694952}.Release|x64.Build.0 = Release|Any CPU
		{E510CA7E-F91C-43C4-BDF7-8E9EFBA4F9E5}.Debug|Any CPU.ActiveCfg = Debug|Any CPU
		{E510CA7E-F91C-43C4-BDF7-8E9EFBA4F9E5}.Debug|Any CPU.Build.0 = Debug|Any CPU
		{E510CA7E-F91C-43C4-BDF7-8E9EFBA4F9E5}.Debug|x64.ActiveCfg = Debug|Any CPU
		{E510CA7E-F91C-43C4-BDF7-8E9EFBA4F9E5}.Debug|x64.Build.0 = Debug|Any CPU
		{E510CA7E-F91C-43C4-BDF7-8E9EFBA4F9E5}.Release|Any CPU.ActiveCfg = Release|Any CPU
		{E510CA7E-F91C-43C4-BDF7-8E9EFBA4F9E5}.Release|Any CPU.Build.0 = Release|Any CPU
		{E510CA7E-F91C-43C4-BDF7-8E9EFBA4F9E5}.Release|x64.ActiveCfg = Release|Any CPU
		{E510CA7E-F91C-43C4-BDF7-8E9EFBA4F9E5}.Release|x64.Build.0 = Release|Any CPU
		{1263E5D1-6B44-4418-A076-3D889766D5E4}.Debug|Any CPU.ActiveCfg = Debug|Any CPU
		{1263E5D1-6B44-4418-A076-3D889766D5E4}.Debug|Any CPU.Build.0 = Debug|Any CPU
		{1263E5D1-6B44-4418-A076-3D889766D5E4}.Debug|x64.ActiveCfg = Debug|Any CPU
		{1263E5D1-6B44-4418-A076-3D889766D5E4}.Debug|x64.Build.0 = Debug|Any CPU
		{1263E5D1-6B44-4418-A076-3D889766D5E4}.Release|Any CPU.ActiveCfg = Release|Any CPU
		{1263E5D1-6B44-4418-A076-3D889766D5E4}.Release|Any CPU.Build.0 = Release|Any CPU
		{1263E5D1-6B44-4418-A076-3D889766D5E4}.Release|x64.ActiveCfg = Release|Any CPU
		{1263E5D1-6B44-4418-A076-3D889766D5E4}.Release|x64.Build.0 = Release|Any CPU
		{9218939B-4D32-4EAD-AF83-281C2AFEDC36}.Debug|Any CPU.ActiveCfg = Debug
		{9218939B-4D32-4EAD-AF83-281C2AFEDC36}.Debug|x64.ActiveCfg = Debug
		{9218939B-4D32-4EAD-AF83-281C2AFEDC36}.Release|Any CPU.ActiveCfg = Release
		{9218939B-4D32-4EAD-AF83-281C2AFEDC36}.Release|x64.ActiveCfg = Release
	EndGlobalSection
	GlobalSection(SolutionProperties) = preSolution
		HideSolutionNode = FALSE
	EndGlobalSection
	GlobalSection(ExtensibilityGlobals) = postSolution
		SolutionGuid = {D6908F1F-12A4-4603-9AFB-88A8E48EA2F3}
	EndGlobalSection
EndGlobal
